
Microsoft Visual Studio Solution File, Format Version 12.00
# Visual Studio Version 17
VisualStudioVersion = 17.10.35013.160
MinimumVisualStudioVersion = 10.0.40219.1
Project("{9A19103F-16F7-4668-BE54-9A1E7A4F7556}") = "LayoutViewExample", "LayoutViewExample\LayoutViewExample.csproj", "{58AD4A4C-2DCB-4C4F-855E-35C840650D60}"
EndProject
Project("{9A19103F-16F7-4668-BE54-9A1E7A4F7556}") = "Services", "Services\Services.csproj", "{C5BAB34B-DD2D-4B3A-8B84-1A2A1A38C2A9}"
EndProject
Project("{FAE04EC0-301F-11D3-BF4B-00C04F79EFBC}") = "ServiceContracts", "ServiceContracts\ServiceContracts.csproj", "{7713EA1A-5996-40D9-A98C-75AD07E0BCE1}"
EndProject
Global
	GlobalSection(SolutionConfigurationPlatforms) = preSolution
		Debug|Any CPU = Debug|Any CPU
		Release|Any CPU = Release|Any CPU
	EndGlobalSection
	GlobalSection(ProjectConfigurationPlatforms) = postSolution
		{58AD4A4C-2DCB-4C4F-855E-35C840650D60}.Debug|Any CPU.ActiveCfg = Debug|Any CPU
		{58AD4A4C-2DCB-4C4F-855E-35C840650D60}.Debug|Any CPU.Build.0 = Debug|Any CPU
		{58AD4A4C-2DCB-4C4F-855E-35C840650D60}.Release|Any CPU.ActiveCfg = Release|Any CPU
		{58AD4A4C-2DCB-4C4F-855E-35C840650D60}.Release|Any CPU.Build.0 = Release|Any CPU
		{C5BAB34B-DD2D-4B3A-8B84-1A2A1A38C2A9}.Debug|Any CPU.ActiveCfg = Debug|Any CPU
		{C5BAB34B-DD2D-4B3A-8B84-1A2A1A38C2A9}.Debug|Any CPU.Build.0 = Debug|Any CPU
		{C5BAB34B-DD2D-4B3A-8B84-1A2A1A38C2A9}.Release|Any CPU.ActiveCfg = Release|Any CPU
		{C5BAB34B-DD2D-4B3A-8B84-1A2A1A38C2A9}.Release|Any CPU.Build.0 = Release|Any CPU
		{7713EA1A-5996-40D9-A98C-75AD07E0BCE1}.Debug|Any CPU.ActiveCfg = Debug|Any CPU
		{7713EA1A-5996-40D9-A98C-75AD07E0BCE1}.Debug|Any CPU.Build.0 = Debug|Any CPU
		{7713EA1A-5996-40D9-A98C-75AD07E0BCE1}.Release|Any CPU.ActiveCfg = Release|Any CPU
		{7713EA1A-5996-40D9-A98C-75AD07E0BCE1}.Release|Any CPU.Build.0 = Release|Any CPU
	EndGlobalSection
	GlobalSection(SolutionProperties) = preSolution
		HideSolutionNode = FALSE
	EndGlobalSection
	GlobalSection(ExtensibilityGlobals) = postSolution
		SolutionGuid = {FE477C06-23D5-47CB-BA5F-8EA55FB938F9}
	EndGlobalSection
EndGlobal
